// !$*UTF8*$!
{
	archiveVersion = 1;
	classes = {
	};
	objectVersion = 55;
	objects = {

/* Begin PBXBuildFile section */
		8F303342280B53DF006A2A95 /* DetalheViewController.swift in Sources */ = {isa = PBXBuildFile; fileRef = 8F303340280B53DF006A2A95 /* DetalheViewController.swift */; };
		8F303343280B53DF006A2A95 /* DetalheViewController.xib in Resources */ = {isa = PBXBuildFile; fileRef = 8F303341280B53DF006A2A95 /* DetalheViewController.xib */; };
		8F42534627FFE4580033E31A /* OfertaTableViewCell.swift in Sources */ = {isa = PBXBuildFile; fileRef = 8F42534427FFE4580033E31A /* OfertaTableViewCell.swift */; };
		8F42534727FFE4580033E31A /* OfertaTableViewCell.xib in Resources */ = {isa = PBXBuildFile; fileRef = 8F42534527FFE4580033E31A /* OfertaTableViewCell.xib */; };
		8F44AAA927F79E1A000E6A56 /* ViagemTableViewCell.swift in Sources */ = {isa = PBXBuildFile; fileRef = 8F44AAA727F79E1A000E6A56 /* ViagemTableViewCell.swift */; };
		8F44AAAA27F79E1A000E6A56 /* ViagemTableViewCell.xib in Resources */ = {isa = PBXBuildFile; fileRef = 8F44AAA827F79E1A000E6A56 /* ViagemTableViewCell.xib */; };
		8FC27FEE27E03A2B00C2A938 /* AppDelegate.swift in Sources */ = {isa = PBXBuildFile; fileRef = 8FC27FED27E03A2B00C2A938 /* AppDelegate.swift */; };
		8FC27FF027E03A2B00C2A938 /* SceneDelegate.swift in Sources */ = {isa = PBXBuildFile; fileRef = 8FC27FEF27E03A2B00C2A938 /* SceneDelegate.swift */; };
		8FC27FF227E03A2B00C2A938 /* ViewController.swift in Sources */ = {isa = PBXBuildFile; fileRef = 8FC27FF127E03A2B00C2A938 /* ViewController.swift */; };
		8FC27FF527E03A2B00C2A938 /* Main.storyboard in Resources */ = {isa = PBXBuildFile; fileRef = 8FC27FF327E03A2B00C2A938 /* Main.storyboard */; };
		8FC27FF727E03A3000C2A938 /* Assets.xcassets in Resources */ = {isa = PBXBuildFile; fileRef = 8FC27FF627E03A3000C2A938 /* Assets.xcassets */; };
		8FC27FFA27E03A3000C2A938 /* LaunchScreen.storyboard in Resources */ = {isa = PBXBuildFile; fileRef = 8FC27FF827E03A3000C2A938 /* LaunchScreen.storyboard */; };
		8FE943FC2800BEAF008273DA /* ViagemOfertaViewModel.swift in Sources */ = {isa = PBXBuildFile; fileRef = 8FE943FB2800BEAF008273DA /* ViagemOfertaViewModel.swift */; };
		8FF9D1A727FD0CF500F0423F /* server-response.json in Resources */ = {isa = PBXBuildFile; fileRef = 8FF9D1A627FD0CF500F0423F /* server-response.json */; };
		8FF9D1A927FD0D3800F0423F /* DecodableData.swift in Sources */ = {isa = PBXBuildFile; fileRef = 8FF9D1A827FD0D3800F0423F /* DecodableData.swift */; };
		8FF9D1AB27FD0D6100F0423F /* TiposDeViagens.swift in Sources */ = {isa = PBXBuildFile; fileRef = 8FF9D1AA27FD0D6100F0423F /* TiposDeViagens.swift */; };
		8FF9D1AD27FD0D6800F0423F /* Viagem.swift in Sources */ = {isa = PBXBuildFile; fileRef = 8FF9D1AC27FD0D6800F0423F /* Viagem.swift */; };
		8FF9D1B027FD0D9900F0423F /* UIView+Extension.swift in Sources */ = {isa = PBXBuildFile; fileRef = 8FF9D1AF27FD0D9900F0423F /* UIView+Extension.swift */; };
		8FF9D1B227FD0E0500F0423F /* ViagemViewModel.swift in Sources */ = {isa = PBXBuildFile; fileRef = 8FF9D1B127FD0E0500F0423F /* ViagemViewModel.swift */; };
		8FF9D1B427FD0F6400F0423F /* ViagemDestaqueViewModel.swift in Sources */ = {isa = PBXBuildFile; fileRef = 8FF9D1B327FD0F6400F0423F /* ViagemDestaqueViewModel.swift */; };
		8FFFA1C627ED5190008E9D7D /* HomeTableViewHeader.xib in Resources */ = {isa = PBXBuildFile; fileRef = 8FFFA1C527ED5190008E9D7D /* HomeTableViewHeader.xib */; };
		8FFFA1C827ED5E6A008E9D7D /* HomeTableViewHeader.swift in Sources */ = {isa = PBXBuildFile; fileRef = 8FFFA1C727ED5E6A008E9D7D /* HomeTableViewHeader.swift */; };
/* End PBXBuildFile section */

/* Begin PBXFileReference section */
		8F303340280B53DF006A2A95 /* DetalheViewController.swift */ = {isa = PBXFileReference; lastKnownFileType = sourcecode.swift; path = DetalheViewController.swift; sourceTree = "<group>"; };
		8F303341280B53DF006A2A95 /* DetalheViewController.xib */ = {isa = PBXFileReference; lastKnownFileType = file.xib; path = DetalheViewController.xib; sourceTree = "<group>"; };
		8F42534427FFE4580033E31A /* OfertaTableViewCell.swift */ = {isa = PBXFileReference; lastKnownFileType = sourcecode.swift; path = OfertaTableViewCell.swift; sourceTree = "<group>"; };
		8F42534527FFE4580033E31A /* OfertaTableViewCell.xib */ = {isa = PBXFileReference; lastKnownFileType = file.xib; path = OfertaTableViewCell.xib; sourceTree = "<group>"; };
		8F44AAA727F79E1A000E6A56 /* ViagemTableViewCell.swift */ = {isa = PBXFileReference; lastKnownFileType = sourcecode.swift; path = ViagemTableViewCell.swift; sourceTree = "<group>"; };
		8F44AAA827F79E1A000E6A56 /* ViagemTableViewCell.xib */ = {isa = PBXFileReference; lastKnownFileType = file.xib; path = ViagemTableViewCell.xib; sourceTree = "<group>"; };
		8FC27FEA27E03A2B00C2A938 /* AluraViagens.app */ = {isa = PBXFileReference; explicitFileType = wrapper.application; includeInIndex = 0; path = AluraViagens.app; sourceTree = BUILT_PRODUCTS_DIR; };
		8FC27FED27E03A2B00C2A938 /* AppDelegate.swift */ = {isa = PBXFileReference; lastKnownFileType = sourcecode.swift; path = AppDelegate.swift; sourceTree = "<group>"; };
		8FC27FEF27E03A2B00C2A938 /* SceneDelegate.swift */ = {isa = PBXFileReference; lastKnownFileType = sourcecode.swift; path = SceneDelegate.swift; sourceTree = "<group>"; };
		8FC27FF127E03A2B00C2A938 /* ViewController.swift */ = {isa = PBXFileReference; lastKnownFileType = sourcecode.swift; path = ViewController.swift; sourceTree = "<group>"; };
		8FC27FF427E03A2B00C2A938 /* Base */ = {isa = PBXFileReference; lastKnownFileType = file.storyboard; name = Base; path = Base.lproj/Main.storyboard; sourceTree = "<group>"; };
		8FC27FF627E03A3000C2A938 /* Assets.xcassets */ = {isa = PBXFileReference; lastKnownFileType = folder.assetcatalog; path = Assets.xcassets; sourceTree = "<group>"; };
		8FC27FF927E03A3000C2A938 /* Base */ = {isa = PBXFileReference; lastKnownFileType = file.storyboard; name = Base; path = Base.lproj/LaunchScreen.storyboard; sourceTree = "<group>"; };
		8FC27FFB27E03A3000C2A938 /* Info.plist */ = {isa = PBXFileReference; lastKnownFileType = text.plist.xml; path = Info.plist; sourceTree = "<group>"; };
		8FE943FB2800BEAF008273DA /* ViagemOfertaViewModel.swift */ = {isa = PBXFileReference; lastKnownFileType = sourcecode.swift; path = ViagemOfertaViewModel.swift; sourceTree = "<group>"; };
		8FF9D1A627FD0CF500F0423F /* server-response.json */ = {isa = PBXFileReference; fileEncoding = 4; lastKnownFileType = text.json; name = "server-response.json"; path = "../../../../Arquivos Swift/arquivos/server-response.json"; sourceTree = "<group>"; };
		8FF9D1A827FD0D3800F0423F /* DecodableData.swift */ = {isa = PBXFileReference; fileEncoding = 4; lastKnownFileType = sourcecode.swift; path = DecodableData.swift; sourceTree = "<group>"; };
		8FF9D1AA27FD0D6100F0423F /* TiposDeViagens.swift */ = {isa = PBXFileReference; fileEncoding = 4; lastKnownFileType = sourcecode.swift; path = TiposDeViagens.swift; sourceTree = "<group>"; };
		8FF9D1AC27FD0D6800F0423F /* Viagem.swift */ = {isa = PBXFileReference; fileEncoding = 4; lastKnownFileType = sourcecode.swift; path = Viagem.swift; sourceTree = "<group>"; };
		8FF9D1AF27FD0D9900F0423F /* UIView+Extension.swift */ = {isa = PBXFileReference; fileEncoding = 4; lastKnownFileType = sourcecode.swift; path = "UIView+Extension.swift"; sourceTree = "<group>"; };
		8FF9D1B127FD0E0500F0423F /* ViagemViewModel.swift */ = {isa = PBXFileReference; lastKnownFileType = sourcecode.swift; path = ViagemViewModel.swift; sourceTree = "<group>"; };
		8FF9D1B327FD0F6400F0423F /* ViagemDestaqueViewModel.swift */ = {isa = PBXFileReference; lastKnownFileType = sourcecode.swift; path = ViagemDestaqueViewModel.swift; sourceTree = "<group>"; };
		8FFFA1C527ED5190008E9D7D /* HomeTableViewHeader.xib */ = {isa = PBXFileReference; lastKnownFileType = file.xib; path = HomeTableViewHeader.xib; sourceTree = "<group>"; };
		8FFFA1C727ED5E6A008E9D7D /* HomeTableViewHeader.swift */ = {isa = PBXFileReference; lastKnownFileType = sourcecode.swift; path = HomeTableViewHeader.swift; sourceTree = "<group>"; };
/* End PBXFileReference section */

/* Begin PBXFrameworksBuildPhase section */
		8FC27FE727E03A2B00C2A938 /* Frameworks */ = {
			isa = PBXFrameworksBuildPhase;
			buildActionMask = 2147483647;
			files = (
			);
			runOnlyForDeploymentPostprocessing = 0;
		};
/* End PBXFrameworksBuildPhase section */

/* Begin PBXGroup section */
		8F0E78DC27F4B20B009925D7 /* AppDelegate */ = {
			isa = PBXGroup;
			children = (
				8FC27FED27E03A2B00C2A938 /* AppDelegate.swift */,
				8FC27FEF27E03A2B00C2A938 /* SceneDelegate.swift */,
			);
			path = AppDelegate;
			sourceTree = "<group>";
		};
		8F0E78DD27F4B221009925D7 /* Model */ = {
			isa = PBXGroup;
			children = (
				8FF9D1AC27FD0D6800F0423F /* Viagem.swift */,
				8FF9D1A827FD0D3800F0423F /* DecodableData.swift */,
				8FF9D1AA27FD0D6100F0423F /* TiposDeViagens.swift */,
			);
			path = Model;
			sourceTree = "<group>";
		};
		8F0E78DE27F4B226009925D7 /* View */ = {
			isa = PBXGroup;
			children = (
				8FC27FF127E03A2B00C2A938 /* ViewController.swift */,
				8FC27FF327E03A2B00C2A938 /* Main.storyboard */,
				8F30333F280B53B6006A2A95 /* DetalheViewController */,
				8F44AAA627F79DD5000E6A56 /* Cells */,
				8F0E78DF27F4B23C009925D7 /* Header */,
			);
			path = View;
			sourceTree = "<group>";
		};
		8F0E78DF27F4B23C009925D7 /* Header */ = {
			isa = PBXGroup;
			children = (
				8FFFA1C527ED5190008E9D7D /* HomeTableViewHeader.xib */,
				8FFFA1C727ED5E6A008E9D7D /* HomeTableViewHeader.swift */,
			);
			path = Header;
			sourceTree = "<group>";
		};
		8F0E78E027F4B253009925D7 /* ViewModel */ = {
			isa = PBXGroup;
			children = (
				8FF9D1B127FD0E0500F0423F /* ViagemViewModel.swift */,
				8FF9D1B327FD0F6400F0423F /* ViagemDestaqueViewModel.swift */,
				8FE943FB2800BEAF008273DA /* ViagemOfertaViewModel.swift */,
			);
			path = ViewModel;
			sourceTree = "<group>";
		};
		8F30333F280B53B6006A2A95 /* DetalheViewController */ = {
			isa = PBXGroup;
			children = (
				8F303340280B53DF006A2A95 /* DetalheViewController.swift */,
				8F303341280B53DF006A2A95 /* DetalheViewController.xib */,
			);
			path = DetalheViewController;
			sourceTree = "<group>";
		};
		8F42534227FFE3FB0033E31A /* Destaque */ = {
			isa = PBXGroup;
			children = (
				8F44AAA727F79E1A000E6A56 /* ViagemTableViewCell.swift */,
				8F44AAA827F79E1A000E6A56 /* ViagemTableViewCell.xib */,
			);
			path = Destaque;
			sourceTree = "<group>";
		};
		8F42534327FFE4160033E31A /* Oferta */ = {
			isa = PBXGroup;
			children = (
				8F42534427FFE4580033E31A /* OfertaTableViewCell.swift */,
				8F42534527FFE4580033E31A /* OfertaTableViewCell.xib */,
			);
			path = Oferta;
			sourceTree = "<group>";
		};
		8F44AAA627F79DD5000E6A56 /* Cells */ = {
			isa = PBXGroup;
			children = (
				8F42534227FFE3FB0033E31A /* Destaque */,
				8F42534327FFE4160033E31A /* Oferta */,
			);
			path = Cells;
			sourceTree = "<group>";
		};
		8FC27FE127E03A2B00C2A938 = {
			isa = PBXGroup;
			children = (
				8FC27FEC27E03A2B00C2A938 /* AluraViagens */,
				8FC27FEB27E03A2B00C2A938 /* Products */,
			);
			sourceTree = "<group>";
		};
		8FC27FEB27E03A2B00C2A938 /* Products */ = {
			isa = PBXGroup;
			children = (
				8FC27FEA27E03A2B00C2A938 /* AluraViagens.app */,
			);
			name = Products;
			sourceTree = "<group>";
		};
		8FC27FEC27E03A2B00C2A938 /* AluraViagens */ = {
			isa = PBXGroup;
			children = (
				8F0E78DC27F4B20B009925D7 /* AppDelegate */,
				8F0E78DD27F4B221009925D7 /* Model */,
				8F0E78DE27F4B226009925D7 /* View */,
				8F0E78E027F4B253009925D7 /* ViewModel */,
				8FF9D1AE27FD0D8700F0423F /* Extensions */,
				8FC27FF627E03A3000C2A938 /* Assets.xcassets */,
				8FF9D1A527FD0CAE00F0423F /* Mock */,
				8FC27FF827E03A3000C2A938 /* LaunchScreen.storyboard */,
				8FC27FFB27E03A3000C2A938 /* Info.plist */,
			);
			path = AluraViagens;
			sourceTree = "<group>";
		};
		8FF9D1A527FD0CAE00F0423F /* Mock */ = {
			isa = PBXGroup;
			children = (
				8FF9D1A627FD0CF500F0423F /* server-response.json */,
			);
			path = Mock;
			sourceTree = "<group>";
		};
		8FF9D1AE27FD0D8700F0423F /* Extensions */ = {
			isa = PBXGroup;
			children = (
				8FF9D1AF27FD0D9900F0423F /* UIView+Extension.swift */,
			);
			path = Extensions;
			sourceTree = "<group>";
		};
/* End PBXGroup section */

/* Begin PBXNativeTarget section */
		8FC27FE927E03A2B00C2A938 /* AluraViagens */ = {
			isa = PBXNativeTarget;
			buildConfigurationList = 8FC27FFE27E03A3000C2A938 /* Build configuration list for PBXNativeTarget "AluraViagens" */;
			buildPhases = (
				8FC27FE627E03A2B00C2A938 /* Sources */,
				8FC27FE727E03A2B00C2A938 /* Frameworks */,
				8FC27FE827E03A2B00C2A938 /* Resources */,
			);
			buildRules = (
			);
			dependencies = (
			);
			name = AluraViagens;
			productName = AluraViagens;
			productReference = 8FC27FEA27E03A2B00C2A938 /* AluraViagens.app */;
			productType = "com.apple.product-type.application";
		};
/* End PBXNativeTarget section */

/* Begin PBXProject section */
		8FC27FE227E03A2B00C2A938 /* Project object */ = {
			isa = PBXProject;
			attributes = {
				BuildIndependentTargetsInParallel = 1;
				LastSwiftUpdateCheck = 1320;
				LastUpgradeCheck = 1320;
				TargetAttributes = {
					8FC27FE927E03A2B00C2A938 = {
						CreatedOnToolsVersion = 13.2.1;
					};
				};
			};
			buildConfigurationList = 8FC27FE527E03A2B00C2A938 /* Build configuration list for PBXProject "AluraViagens" */;
			compatibilityVersion = "Xcode 13.0";
			developmentRegion = en;
			hasScannedForEncodings = 0;
			knownRegions = (
				en,
				Base,
			);
			mainGroup = 8FC27FE127E03A2B00C2A938;
			productRefGroup = 8FC27FEB27E03A2B00C2A938 /* Products */;
			projectDirPath = "";
			projectRoot = "";
			targets = (
				8FC27FE927E03A2B00C2A938 /* AluraViagens */,
			);
		};
/* End PBXProject section */

/* Begin PBXResourcesBuildPhase section */
		8FC27FE827E03A2B00C2A938 /* Resources */ = {
			isa = PBXResourcesBuildPhase;
			buildActionMask = 2147483647;
			files = (
				8F303343280B53DF006A2A95 /* DetalheViewController.xib in Resources */,
				8FC27FFA27E03A3000C2A938 /* LaunchScreen.storyboard in Resources */,
				8FF9D1A727FD0CF500F0423F /* server-response.json in Resources */,
				8FFFA1C627ED5190008E9D7D /* HomeTableViewHeader.xib in Resources */,
				8FC27FF727E03A3000C2A938 /* Assets.xcassets in Resources */,
				8FC27FF527E03A2B00C2A938 /* Main.storyboard in Resources */,
				8F44AAAA27F79E1A000E6A56 /* ViagemTableViewCell.xib in Resources */,
				8F42534727FFE4580033E31A /* OfertaTableViewCell.xib in Resources */,
			);
			runOnlyForDeploymentPostprocessing = 0;
		};
/* End PBXResourcesBuildPhase section */

/* Begin PBXSourcesBuildPhase section */
		8FC27FE627E03A2B00C2A938 /* Sources */ = {
			isa = PBXSourcesBuildPhase;
			buildActionMask = 2147483647;
			files = (
				8FF9D1AD27FD0D6800F0423F /* Viagem.swift in Sources */,
				8FC27FF227E03A2B00C2A938 /* ViewController.swift in Sources */,
				8F44AAA927F79E1A000E6A56 /* ViagemTableViewCell.swift in Sources */,
				8FF9D1B027FD0D9900F0423F /* UIView+Extension.swift in Sources */,
				8FE943FC2800BEAF008273DA /* ViagemOfertaViewModel.swift in Sources */,
				8F42534627FFE4580033E31A /* OfertaTableViewCell.swift in Sources */,
				8FF9D1AB27FD0D6100F0423F /* TiposDeViagens.swift in Sources */,
				8FFFA1C827ED5E6A008E9D7D /* HomeTableViewHeader.swift in Sources */,
				8FF9D1A927FD0D3800F0423F /* DecodableData.swift in Sources */,
				8FC27FEE27E03A2B00C2A938 /* AppDelegate.swift in Sources */,
				8FC27FF027E03A2B00C2A938 /* SceneDelegate.swift in Sources */,
				8FF9D1B227FD0E0500F0423F /* ViagemViewModel.swift in Sources */,
				8F303342280B53DF006A2A95 /* DetalheViewController.swift in Sources */,
				8FF9D1B427FD0F6400F0423F /* ViagemDestaqueViewModel.swift in Sources */,
			);
			runOnlyForDeploymentPostprocessing = 0;
		};
/* End PBXSourcesBuildPhase section */

/* Begin PBXVariantGroup section */
		8FC27FF327E03A2B00C2A938 /* Main.storyboard */ = {
			isa = PBXVariantGroup;
			children = (
				8FC27FF427E03A2B00C2A938 /* Base */,
			);
			name = Main.storyboard;
			sourceTree = "<group>";
		};
		8FC27FF827E03A3000C2A938 /* LaunchScreen.storyboard */ = {
			isa = PBXVariantGroup;
			children = (
				8FC27FF927E03A3000C2A938 /* Base */,
			);
			name = LaunchScreen.storyboard;
			sourceTree = "<group>";
		};
/* End PBXVariantGroup section */

/* Begin XCBuildConfiguration section */
		8FC27FFC27E03A3000C2A938 /* Debug */ = {
			isa = XCBuildConfiguration;
			buildSettings = {
				ALWAYS_SEARCH_USER_PATHS = NO;
				CLANG_ANALYZER_NONNULL = YES;
				CLANG_ANALYZER_NUMBER_OBJECT_CONVERSION = YES_AGGRESSIVE;
				CLANG_CXX_LANGUAGE_STANDARD = "gnu++17";
				CLANG_CXX_LIBRARY = "libc++";
				CLANG_ENABLE_MODULES = YES;
				CLANG_ENABLE_OBJC_ARC = YES;
				CLANG_ENABLE_OBJC_WEAK = YES;
				CLANG_WARN_BLOCK_CAPTURE_AUTORELEASING = YES;
				CLANG_WARN_BOOL_CONVERSION = YES;
				CLANG_WARN_COMMA = YES;
				CLANG_WARN_CONSTANT_CONVERSION = YES;
				CLANG_WARN_DEPRECATED_OBJC_IMPLEMENTATIONS = YES;
				CLANG_WARN_DIRECT_OBJC_ISA_USAGE = YES_ERROR;
				CLANG_WARN_DOCUMENTATION_COMMENTS = YES;
				CLANG_WARN_EMPTY_BODY = YES;
				CLANG_WARN_ENUM_CONVERSION = YES;
				CLANG_WARN_INFINITE_RECURSION = YES;
				CLANG_WARN_INT_CONVERSION = YES;
				CLANG_WARN_NON_LITERAL_NULL_CONVERSION = YES;
				CLANG_WARN_OBJC_IMPLICIT_RETAIN_SELF = YES;
				CLANG_WARN_OBJC_LITERAL_CONVERSION = YES;
				CLANG_WARN_OBJC_ROOT_CLASS = YES_ERROR;
				CLANG_WARN_QUOTED_INCLUDE_IN_FRAMEWORK_HEADER = YES;
				CLANG_WARN_RANGE_LOOP_ANALYSIS = YES;
				CLANG_WARN_STRICT_PROTOTYPES = YES;
				CLANG_WARN_SUSPICIOUS_MOVE = YES;
				CLANG_WARN_UNGUARDED_AVAILABILITY = YES_AGGRESSIVE;
				CLANG_WARN_UNREACHABLE_CODE = YES;
				CLANG_WARN__DUPLICATE_METHOD_MATCH = YES;
				COPY_PHASE_STRIP = NO;
				DEBUG_INFORMATION_FORMAT = dwarf;
				ENABLE_STRICT_OBJC_MSGSEND = YES;
				ENABLE_TESTABILITY = YES;
				GCC_C_LANGUAGE_STANDARD = gnu11;
				GCC_DYNAMIC_NO_PIC = NO;
				GCC_NO_COMMON_BLOCKS = YES;
				GCC_OPTIMIZATION_LEVEL = 0;
				GCC_PREPROCESSOR_DEFINITIONS = (
					"DEBUG=1",
					"$(inherited)",
				);
				GCC_WARN_64_TO_32_BIT_CONVERSION = YES;
				GCC_WARN_ABOUT_RETURN_TYPE = YES_ERROR;
				GCC_WARN_UNDECLARED_SELECTOR = YES;
				GCC_WARN_UNINITIALIZED_AUTOS = YES_AGGRESSIVE;
				GCC_WARN_UNUSED_FUNCTION = YES;
				GCC_WARN_UNUSED_VARIABLE = YES;
				IPHONEOS_DEPLOYMENT_TARGET = 15.2;
				MTL_ENABLE_DEBUG_INFO = INCLUDE_SOURCE;
				MTL_FAST_MATH = YES;
				ONLY_ACTIVE_ARCH = YES;
				SDKROOT = iphoneos;
				SWIFT_ACTIVE_COMPILATION_CONDITIONS = DEBUG;
				SWIFT_OPTIMIZATION_LEVEL = "-Onone";
			};
			name = Debug;
		};
		8FC27FFD27E03A3000C2A938 /* Release */ = {
			isa = XCBuildConfiguration;
			buildSettings = {
				ALWAYS_SEARCH_USER_PATHS = NO;
				CLANG_ANALYZER_NONNULL = YES;
				CLANG_ANALYZER_NUMBER_OBJECT_CONVERSION = YES_AGGRESSIVE;
				CLANG_CXX_LANGUAGE_STANDARD = "gnu++17";
				CLANG_CXX_LIBRARY = "libc++";
				CLANG_ENABLE_MODULES = YES;
				CLANG_ENABLE_OBJC_ARC = YES;
				CLANG_ENABLE_OBJC_WEAK = YES;
				CLANG_WARN_BLOCK_CAPTURE_AUTORELEASING = YES;
				CLANG_WARN_BOOL_CONVERSION = YES;
				CLANG_WARN_COMMA = YES;
				CLANG_WARN_CONSTANT_CONVERSION = YES;
				CLANG_WARN_DEPRECATED_OBJC_IMPLEMENTATIONS = YES;
				CLANG_WARN_DIRECT_OBJC_ISA_USAGE = YES_ERROR;
				CLANG_WARN_DOCUMENTATION_COMMENTS = YES;
				CLANG_WARN_EMPTY_BODY = YES;
				CLANG_WARN_ENUM_CONVERSION = YES;
				CLANG_WARN_INFINITE_RECURSION = YES;
				CLANG_WARN_INT_CONVERSION = YES;
				CLANG_WARN_NON_LITERAL_NULL_CONVERSION = YES;
				CLANG_WARN_OBJC_IMPLICIT_RETAIN_SELF = YES;
				CLANG_WARN_OBJC_LITERAL_CONVERSION = YES;
				CLANG_WARN_OBJC_ROOT_CLASS = YES_ERROR;
				CLANG_WARN_QUOTED_INCLUDE_IN_FRAMEWORK_HEADER = YES;
				CLANG_WARN_RANGE_LOOP_ANALYSIS = YES;
				CLANG_WARN_STRICT_PROTOTYPES = YES;
				CLANG_WARN_SUSPICIOUS_MOVE = YES;
				CLANG_WARN_UNGUARDED_AVAILABILITY = YES_AGGRESSIVE;
				CLANG_WARN_UNREACHABLE_CODE = YES;
				CLANG_WARN__DUPLICATE_METHOD_MATCH = YES;
				COPY_PHASE_STRIP = NO;
				DEBUG_INFORMATION_FORMAT = "dwarf-with-dsym";
				ENABLE_NS_ASSERTIONS = NO;
				ENABLE_STRICT_OBJC_MSGSEND = YES;
				GCC_C_LANGUAGE_STANDARD = gnu11;
				GCC_NO_COMMON_BLOCKS = YES;
				GCC_WARN_64_TO_32_BIT_CONVERSION = YES;
				GCC_WARN_ABOUT_RETURN_TYPE = YES_ERROR;
				GCC_WARN_UNDECLARED_SELECTOR = YES;
				GCC_WARN_UNINITIALIZED_AUTOS = YES_AGGRESSIVE;
				GCC_WARN_UNUSED_FUNCTION = YES;
				GCC_WARN_UNUSED_VARIABLE = YES;
				IPHONEOS_DEPLOYMENT_TARGET = 15.2;
				MTL_ENABLE_DEBUG_INFO = NO;
				MTL_FAST_MATH = YES;
				SDKROOT = iphoneos;
				SWIFT_COMPILATION_MODE = wholemodule;
				SWIFT_OPTIMIZATION_LEVEL = "-O";
				VALIDATE_PRODUCT = YES;
			};
			name = Release;
		};
		8FC27FFF27E03A3000C2A938 /* Debug */ = {
			isa = XCBuildConfiguration;
			buildSettings = {
				ASSETCATALOG_COMPILER_APPICON_NAME = AppIcon;
				ASSETCATALOG_COMPILER_GLOBAL_ACCENT_COLOR_NAME = AccentColor;
				CODE_SIGN_STYLE = Automatic;
				CURRENT_PROJECT_VERSION = 1;
				DEVELOPMENT_TEAM = DRJN65HYG5;
				GENERATE_INFOPLIST_FILE = YES;
				INFOPLIST_FILE = AluraViagens/Info.plist;
				INFOPLIST_KEY_UIApplicationSupportsIndirectInputEvents = YES;
				INFOPLIST_KEY_UILaunchStoryboardName = LaunchScreen;
				INFOPLIST_KEY_UIMainStoryboardFile = Main;
				INFOPLIST_KEY_UISupportedInterfaceOrientations_iPad = "UIInterfaceOrientationPortrait UIInterfaceOrientationPortraitUpsideDown UIInterfaceOrientationLandscapeLeft UIInterfaceOrientationLandscapeRight";
				INFOPLIST_KEY_UISupportedInterfaceOrientations_iPhone = "UIInterfaceOrientationPortrait UIInterfaceOrientationLandscapeLeft UIInterfaceOrientationLandscapeRight";
				LD_RUNPATH_SEARCH_PATHS = (
					"$(inherited)",
					"@executable_path/Frameworks",
				);
				MARKETING_VERSION = 1.0;
				PRODUCT_BUNDLE_IDENTIFIER = AulasSwift.AluraViagens;
				PRODUCT_NAME = "$(TARGET_NAME)";
				SWIFT_EMIT_LOC_STRINGS = YES;
				SWIFT_VERSION = 5.0;
				TARGETED_DEVICE_FAMILY = "1,2";
			};
			name = Debug;
		};
		8FC2800027E03A3000C2A938 /* Release */ = {
			isa = XCBuildConfiguration;
			buildSettings = {
				ASSETCATALOG_COMPILER_APPICON_NAME = AppIcon;
				ASSETCATALOG_COMPILER_GLOBAL_ACCENT_COLOR_NAME = AccentColor;
				CODE_SIGN_STYLE = Automatic;
				CURRENT_PROJECT_VERSION = 1;
				DEVELOPMENT_TEAM = DRJN65HYG5;
				GENERATE_INFOPLIST_FILE = YES;
				INFOPLIST_FILE = AluraViagens/Info.plist;
				INFOPLIST_KEY_UIApplicationSupportsIndirectInputEvents = YES;
				INFOPLIST_KEY_UILaunchStoryboardName = LaunchScreen;
				INFOPLIST_KEY_UIMainStoryboardFile = Main;
				INFOPLIST_KEY_UISupportedInterfaceOrientations_iPad = "UIInterfaceOrientationPortrait UIInterfaceOrientationPortraitUpsideDown UIInterfaceOrientationLandscapeLeft UIInterfaceOrientationLandscapeRight";
				INFOPLIST_KEY_UISupportedInterfaceOrientations_iPhone = "UIInterfaceOrientationPortrait UIInterfaceOrientationLandscapeLeft UIInterfaceOrientationLandscapeRight";
				LD_RUNPATH_SEARCH_PATHS = (
					"$(inherited)",
					"@executable_path/Frameworks",
				);
				MARKETING_VERSION = 1.0;
				PRODUCT_BUNDLE_IDENTIFIER = AulasSwift.AluraViagens;
				PRODUCT_NAME = "$(TARGET_NAME)";
				SWIFT_EMIT_LOC_STRINGS = YES;
				SWIFT_VERSION = 5.0;
				TARGETED_DEVICE_FAMILY = "1,2";
			};
			name = Release;
		};
/* End XCBuildConfiguration section */

/* Begin XCConfigurationList section */
		8FC27FE527E03A2B00C2A938 /* Build configuration list for PBXProject "AluraViagens" */ = {
			isa = XCConfigurationList;
			buildConfigurations = (
				8FC27FFC27E03A3000C2A938 /* Debug */,
				8FC27FFD27E03A3000C2A938 /* Release */,
			);
			defaultConfigurationIsVisible = 0;
			defaultConfigurationName = Release;
		};
		8FC27FFE27E03A3000C2A938 /* Build configuration list for PBXNativeTarget "AluraViagens" */ = {
			isa = XCConfigurationList;
			buildConfigurations = (
				8FC27FFF27E03A3000C2A938 /* Debug */,
				8FC2800027E03A3000C2A938 /* Release */,
			);
			defaultConfigurationIsVisible = 0;
			defaultConfigurationName = Release;
		};
/* End XCConfigurationList section */
	};
	rootObject = 8FC27FE227E03A2B00C2A938 /* Project object */;
}
